
Microsoft Visual Studio Solution File, Format Version 12.00
Project("{FAE04EC0-301F-11D3-BF4B-00C04F79EFBC}") = "ColorTweaks", "ColorTweaks\ColorTweaks.csproj", "{EBE73117-67E3-4FE6-85C9-DFF42A7FA46B}"
EndProject
Global
	GlobalSection(SolutionConfigurationPlatforms) = preSolution
		Debug|Any CPU = Debug|Any CPU
		Release|Any CPU = Release|Any CPU
	EndGlobalSection
	GlobalSection(ProjectConfigurationPlatforms) = postSolution
		{EBE73117-67E3-4FE6-85C9-DFF42A7FA46B}.Debug|Any CPU.ActiveCfg = Debug|Any CPU
		{EBE73117-67E3-4FE6-85C9-DFF42A7FA46B}.Debug|Any CPU.Build.0 = Debug|Any CPU
		{EBE73117-67E3-4FE6-85C9-DFF42A7FA46B}.Release|Any CPU.ActiveCfg = Release|Any CPU
		{EBE73117-67E3-4FE6-85C9-DFF42A7FA46B}.Release|Any CPU.Build.0 = Release|Any CPU
	EndGlobalSection
EndGlobal
